
Microsoft Visual Studio Solution File, Format Version 12.00
# Visual Studio Version 16
VisualStudioVersion = 16.0.30413.136
MinimumVisualStudioVersion = 10.0.40219.1
Project("{FAE04EC0-301F-11D3-BF4B-00C04F79EFBC}") = "ExperimentWithControls", "ExperimentWithControls.csproj", "{BDE3B99D-C0F2-4B17-8498-A9650F1E6C28}"
EndProject
Global
	GlobalSection(SolutionConfigurationPlatforms) = preSolution
		Debug|Any CPU = Debug|Any CPU
		Release|Any CPU = Release|Any CPU
	EndGlobalSection
	GlobalSection(ProjectConfigurationPlatforms) = postSolution
		{BDE3B99D-C0F2-4B17-8498-A9650F1E6C28}.Debug|Any CPU.ActiveCfg = Debug|Any CPU
		{BDE3B99D-C0F2-4B17-8498-A9650F1E6C28}.Debug|Any CPU.Build.0 = Debug|Any CPU
		{BDE3B99D-C0F2-4B17-8498-A9650F1E6C28}.Release|Any CPU.ActiveCfg = Release|Any CPU
		{BDE3B99D-C0F2-4B17-8498-A9650F1E6C28}.Release|Any CPU.Build.0 = Release|Any CPU
	EndGlobalSection
	GlobalSection(SolutionProperties) = preSolution
		HideSolutionNode = FALSE
	EndGlobalSection
	GlobalSection(ExtensibilityGlobals) = postSolution
		SolutionGuid = {5B3D2DD2-C9A3-49AF-B589-8EC10946CE08}
	EndGlobalSection
EndGlobal
